{
  "name": "x",
  "version": "1.4.0",
  "lockfileVersion": 1,
  "requires": true,
  "dependencies": {
    "breakpoint-sass": {
      "version": "2.7.1",
      "resolved": "https://registry.npmjs.org/breakpoint-sass/-/breakpoint-sass-2.7.1.tgz",
      "integrity": "sha1-jvbEdE3MJbqD2Wm2yaF+XaopmAo="
    },
    "fitvids": {
      "version": "2.1.1",
      "resolved": "https://registry.npmjs.org/fitvids/-/fitvids-2.1.1.tgz",
      "integrity": "sha512-CvbOFRzdw1X1IieeVBu5NqR0eEFoAHXzq0MwTXXpKomiLhoOCR1BKYncmzW8415AygYg4RetZWJKbAb5wHxIVQ=="
    }
  }
}
